Microsoft Visual Studio Solution File, Format Version 12.00
# Visual Studio 2012
Project("{FAE04EC0-301F-11D3-BF4B-00C04F79EFBC}") = "DSS4_ECompliance.Web", "DSS4_ECompliance.Web\DSS4_ECompliance.Web.csproj", "{87403da5-480f-4273-a23c-c6b45951469c}"
EndProject
Project("{FAE04EC0-301F-11D3-BF4B-00C04F79EFBC}") = "DSS4_ECompliance.Backend", "Projects\Domain\POCO\DSS4_ECompliance.Backend.csproj", "{7b2a72cf-190d-4e87-ae69-919b23120418}"
EndProject
Project("{FAE04EC0-301F-11D3-BF4B-00C04F79EFBC}") = "DSS4_ECompliance.BoTesting.Tests", "Projects\Domain\Tests\DSS4_ECompliance.BoTesting.Tests.csproj", "{5133e1b4-6548-4612-a987-7482999f11fc}"
EndProject

Project("{2150E333-8FDC-42A3-9474-1A3956D46DE8}") = "Domain Model", "Domain Model", "{409E8C30-2326-440B-8266-D8C5947D1C4B}"
EndProject
Project("{2150E333-8FDC-42A3-9474-1A3956D46DE8}") = "External Services", "External Services", "{8F74606C-391A-405C-BFDA-7C4A81CC46E9}"
EndProject
Project("{2150E333-8FDC-42A3-9474-1A3956D46DE8}") = "Exposed Services", "Exposed Services", "{9F74606C-391A-405C-BFDA-7C4A81CC46E8}"
EndProject
Project("{2150E333-8FDC-42A3-9474-1A3956D46DE8}") = "Infrastructure", "Infrastructure", "{1340A2A9-A104-4F90-B706-8BAA88F88888}"
EndProject
Project("{2150E333-8FDC-42A3-9474-1A3956D46DE8}") = "Database", "Database", "{A99F7A41-08AC-4FF3-BFF5-53AFDEE59820}"
EndProject
Project("{2150E333-8FDC-42A3-9474-1A3956D46DE8}") = "Scripts", "Scripts", "{F82408FD-0183-44D6-8785-6A03E1E7ABBA}"
	ProjectSection(SolutionItems) = preProject
	
	EndProjectSection
EndProject
Global
	GlobalSection(SolutionConfigurationPlatforms) = preSolution
		Debug|Any CPU = Debug|Any CPU
		Release|Any CPU = Release|Any CPU
	EndGlobalSection
	GlobalSection(ProjectConfigurationPlatforms) = postSolution
		{87403da5-480f-4273-a23c-c6b45951469c}.Debug|Any CPU.ActiveCfg = Debug|Any CPU
{87403da5-480f-4273-a23c-c6b45951469c}.Debug|Any CPU.Build.0 = Debug|Any CPU
{87403da5-480f-4273-a23c-c6b45951469c}.Release|Any CPU.ActiveCfg = Release|Any CPU
{87403da5-480f-4273-a23c-c6b45951469c}.Release|Any CPU.Build.0 = Release|Any CPU
{7b2a72cf-190d-4e87-ae69-919b23120418}.Debug|Any CPU.ActiveCfg = Debug|Any CPU
{7b2a72cf-190d-4e87-ae69-919b23120418}.Debug|Any CPU.Build.0 = Debug|Any CPU
{7b2a72cf-190d-4e87-ae69-919b23120418}.Release|Any CPU.ActiveCfg = Release|Any CPU
{7b2a72cf-190d-4e87-ae69-919b23120418}.Release|Any CPU.Build.0 = Release|Any CPU
{5133e1b4-6548-4612-a987-7482999f11fc}.Debug|Any CPU.ActiveCfg = Debug|Any CPU
{5133e1b4-6548-4612-a987-7482999f11fc}.Debug|Any CPU.Build.0 = Debug|Any CPU
{5133e1b4-6548-4612-a987-7482999f11fc}.Release|Any CPU.ActiveCfg = Release|Any CPU
{5133e1b4-6548-4612-a987-7482999f11fc}.Release|Any CPU.Build.0 = Release|Any CPU

	EndGlobalSection
	GlobalSection(SolutionProperties) = preSolution
		HideSolutionNode = FALSE
	EndGlobalSection
	GlobalSection(NestedProjects) = preSolution
		{WEBSITE_GUID} = {D7619C41-5C0E-4CF0-9BC1-1B9C14C2457C}
		{87403da5-480f-4273-a23c-c6b45951469c} = {}
{7b2a72cf-190d-4e87-ae69-919b23120418} = {409E8C30-2326-440B-8266-D8C5947D1C4B}
{5133e1b4-6548-4612-a987-7482999f11fc} = {409E8C30-2326-440B-8266-D8C5947D1C4B}

		{F82408FD-0183-44D6-8785-6A03E1E7ABBA} = {A99F7A41-08AC-4FF3-BFF5-53AFDEE59820}
	EndGlobalSection	
EndGlobal